Microsoft Visual Studio Solution File, Format Version 12.00
# Visual Studio Version 17
VisualStudioVersion = 17.5.2.0
MinimumVisualStudioVersion = 10.0.40219.1
Project("{FAE04EC0-301F-11D3-BF4B-00C04F79EFBC}") = "NumberClassificationApi", "NumberClassificationApi\NumberClassificationApi.csproj", "{98BCA586-7926-1CE2-B6F2-1E44684EB199}"
EndProject
Global
	GlobalSection(SolutionConfigurationPlatforms) = preSolution
		Debug|Any CPU = Debug|Any CPU
		Release|Any CPU = Release|Any CPU
	EndGlobalSection
	GlobalSection(ProjectConfigurationPlatforms) = postSolution
		{98BCA586-7926-1CE2-B6F2-1E44684EB199}.Debug|Any CPU.ActiveCfg = Debug|Any CPU
		{98BCA586-7926-1CE2-B6F2-1E44684EB199}.Debug|Any CPU.Build.0 = Debug|Any CPU
		{98BCA586-7926-1CE2-B6F2-1E44684EB199}.Release|Any CPU.ActiveCfg = Release|Any CPU
		{98BCA586-7926-1CE2-B6F2-1E44684EB199}.Release|Any CPU.Build.0 = Release|Any CPU
	EndGlobalSection
	GlobalSection(SolutionProperties) = preSolution
		HideSolutionNode = FALSE
	EndGlobalSection
	GlobalSection(ExtensibilityGlobals) = postSolution
		SolutionGuid = {EBED37F3-615F-4A20-B106-B9338661C9F5}
	EndGlobalSection
EndGlobal
